// !$*UTF8*$!
{
	archiveVersion = 1;
	classes = {
	};
	objectVersion = 50;
	objects = {

/* Begin PBXBuildFile section */
		0324546C25A5CA6D006F9AB5 /* FriendsCell.swift in Sources */ = {isa = PBXBuildFile; fileRef = 0324546B25A5CA6D006F9AB5 /* FriendsCell.swift */; };
		0324546F25A5CFF7006F9AB5 /* FriendsModel.swift in Sources */ = {isa = PBXBuildFile; fileRef = 0324546E25A5CFF7006F9AB5 /* FriendsModel.swift */; };
		0324547325A7133E006F9AB5 /* MainTabBarVC.swift in Sources */ = {isa = PBXBuildFile; fileRef = 0324547225A7133E006F9AB5 /* MainTabBarVC.swift */; };
		0324547825A714C1006F9AB5 /* ProfileView.swift in Sources */ = {isa = PBXBuildFile; fileRef = 0324547725A714C1006F9AB5 /* ProfileView.swift */; };
		0324547D25A71D48006F9AB5 /* UIAnchor+Ext.swift in Sources */ = {isa = PBXBuildFile; fileRef = 0324547C25A71D48006F9AB5 /* UIAnchor+Ext.swift */; };
		0387B88225ACB7EF00FBB196 /* PhotosCell.swift in Sources */ = {isa = PBXBuildFile; fileRef = 0387B88125ACB7EF00FBB196 /* PhotosCell.swift */; };
		0387B88625AD50DF00FBB196 /* PhotosModel.swift in Sources */ = {isa = PBXBuildFile; fileRef = 0387B88525AD50DF00FBB196 /* PhotosModel.swift */; };
		0387B88E25AD7F6300FBB196 /* StoryVC.swift in Sources */ = {isa = PBXBuildFile; fileRef = 0387B88D25AD7F6300FBB196 /* StoryVC.swift */; };
		0387B89225AD808800FBB196 /* StoryView.swift in Sources */ = {isa = PBXBuildFile; fileRef = 0387B89125AD808800FBB196 /* StoryView.swift */; };
		0387B89525AD828C00FBB196 /* StoryModel.swift in Sources */ = {isa = PBXBuildFile; fileRef = 0387B89425AD828C00FBB196 /* StoryModel.swift */; };
		0387B89D25AED77100FBB196 /* LoginVC.swift in Sources */ = {isa = PBXBuildFile; fileRef = 0387B89C25AED77100FBB196 /* LoginVC.swift */; };
		0387B8A125AED78600FBB196 /* LoginView.swift in Sources */ = {isa = PBXBuildFile; fileRef = 0387B8A025AED78600FBB196 /* LoginView.swift */; };
		038A71EA25AA061900C564D1 /* FriendlistVC.swift in Sources */ = {isa = PBXBuildFile; fileRef = 038A71E925AA061900C564D1 /* FriendlistVC.swift */; };
		038A71F125AA066C00C564D1 /* FriendlistView.swift in Sources */ = {isa = PBXBuildFile; fileRef = 038A71F025AA066C00C564D1 /* FriendlistView.swift */; };
		038A71F725AAB86900C564D1 /* HomepageVC.swift in Sources */ = {isa = PBXBuildFile; fileRef = 038A71F625AAB86900C564D1 /* HomepageVC.swift */; };
		038A71FA25AAB87D00C564D1 /* HomepageView.swift in Sources */ = {isa = PBXBuildFile; fileRef = 038A71F925AAB87D00C564D1 /* HomepageView.swift */; };
		038A71FD25AAC99500C564D1 /* PostCell.swift in Sources */ = {isa = PBXBuildFile; fileRef = 038A71FC25AAC99500C564D1 /* PostCell.swift */; };
		038A720025AACEBD00C564D1 /* PostModel.swift in Sources */ = {isa = PBXBuildFile; fileRef = 038A71FF25AACEBD00C564D1 /* PostModel.swift */; };
		038A720525AC3A6800C564D1 /* Assets.xcassets in Resources */ = {isa = PBXBuildFile; fileRef = 038A720425AC3A6800C564D1 /* Assets.xcassets */; };
		038A720825AC510F00C564D1 /* HomeStoryCell.swift in Sources */ = {isa = PBXBuildFile; fileRef = 038A720725AC510F00C564D1 /* HomeStoryCell.swift */; };
		038A720C25AC604D00C564D1 /* BaseViewController.swift in Sources */ = {isa = PBXBuildFile; fileRef = 038A720B25AC604D00C564D1 /* BaseViewController.swift */; };
		03EB628A25A562E6003427CE /* AppDelegate.swift in Sources */ = {isa = PBXBuildFile; fileRef = 03EB628925A562E6003427CE /* AppDelegate.swift */; };
		03EB628C25A562E6003427CE /* SceneDelegate.swift in Sources */ = {isa = PBXBuildFile; fileRef = 03EB628B25A562E6003427CE /* SceneDelegate.swift */; };
		03EB628E25A562E6003427CE /* ViewController.swift in Sources */ = {isa = PBXBuildFile; fileRef = 03EB628D25A562E6003427CE /* ViewController.swift */; };
		03EB629125A562E6003427CE /* Main.storyboard in Resources */ = {isa = PBXBuildFile; fileRef = 03EB628F25A562E6003427CE /* Main.storyboard */; };
		03EB629625A562E8003427CE /* LaunchScreen.storyboard in Resources */ = {isa = PBXBuildFile; fileRef = 03EB629425A562E8003427CE /* LaunchScreen.storyboard */; };
		03EB629F25A56641003427CE /* ProfileVC.swift in Sources */ = {isa = PBXBuildFile; fileRef = 03EB629E25A56641003427CE /* ProfileVC.swift */; };
		A2E56B0204D03E1C7497AD18 /* Pods_SocalledInstagram.framework in Frameworks */ = {isa = PBXBuildFile; fileRef = 92C2A9796D1F5C1906780135 /* Pods_SocalledInstagram.framework */; };
/* End PBXBuildFile section */

/* Begin PBXFileReference section */
		0324546B25A5CA6D006F9AB5 /* FriendsCell.swift */ = {isa = PBXFileReference; lastKnownFileType = sourcecode.swift; path = FriendsCell.swift; sourceTree = "<group>"; };
		0324546E25A5CFF7006F9AB5 /* FriendsModel.swift */ = {isa = PBXFileReference; lastKnownFileType = sourcecode.swift; path = FriendsModel.swift; sourceTree = "<group>"; };
		0324547225A7133E006F9AB5 /* MainTabBarVC.swift */ = {isa = PBXFileReference; lastKnownFileType = sourcecode.swift; path = MainTabBarVC.swift; sourceTree = "<group>"; };
		0324547725A714C1006F9AB5 /* ProfileView.swift */ = {isa = PBXFileReference; lastKnownFileType = sourcecode.swift; path = ProfileView.swift; sourceTree = "<group>"; };
		0324547C25A71D48006F9AB5 /* UIAnchor+Ext.swift */ = {isa = PBXFileReference; lastKnownFileType = sourcecode.swift; path = "UIAnchor+Ext.swift"; sourceTree = "<group>"; };
		0387B88125ACB7EF00FBB196 /* PhotosCell.swift */ = {isa = PBXFileReference; lastKnownFileType = sourcecode.swift; path = PhotosCell.swift; sourceTree = "<group>"; };
		0387B88525AD50DF00FBB196 /* PhotosModel.swift */ = {isa = PBXFileReference; lastKnownFileType = sourcecode.swift; path = PhotosModel.swift; sourceTree = "<group>"; };
		0387B88D25AD7F6300FBB196 /* StoryVC.swift */ = {isa = PBXFileReference; lastKnownFileType = sourcecode.swift; path = StoryVC.swift; sourceTree = "<group>"; };
		0387B89125AD808800FBB196 /* StoryView.swift */ = {isa = PBXFileReference; lastKnownFileType = sourcecode.swift; path = StoryView.swift; sourceTree = "<group>"; };
		0387B89425AD828C00FBB196 /* StoryModel.swift */ = {isa = PBXFileReference; lastKnownFileType = sourcecode.swift; path = StoryModel.swift; sourceTree = "<group>"; };
		0387B89C25AED77100FBB196 /* LoginVC.swift */ = {isa = PBXFileReference; lastKnownFileType = sourcecode.swift; path = LoginVC.swift; sourceTree = "<group>"; };
		0387B8A025AED78600FBB196 /* LoginView.swift */ = {isa = PBXFileReference; lastKnownFileType = sourcecode.swift; path = LoginView.swift; sourceTree = "<group>"; };
		038A71E925AA061900C564D1 /* FriendlistVC.swift */ = {isa = PBXFileReference; lastKnownFileType = sourcecode.swift; path = FriendlistVC.swift; sourceTree = "<group>"; };
		038A71F025AA066C00C564D1 /* FriendlistView.swift */ = {isa = PBXFileReference; lastKnownFileType = sourcecode.swift; path = FriendlistView.swift; sourceTree = "<group>"; };
		038A71F625AAB86900C564D1 /* HomepageVC.swift */ = {isa = PBXFileReference; lastKnownFileType = sourcecode.swift; path = HomepageVC.swift; sourceTree = "<group>"; };
		038A71F925AAB87D00C564D1 /* HomepageView.swift */ = {isa = PBXFileReference; lastKnownFileType = sourcecode.swift; path = HomepageView.swift; sourceTree = "<group>"; };
		038A71FC25AAC99500C564D1 /* PostCell.swift */ = {isa = PBXFileReference; lastKnownFileType = sourcecode.swift; path = PostCell.swift; sourceTree = "<group>"; };
		038A71FF25AACEBD00C564D1 /* PostModel.swift */ = {isa = PBXFileReference; lastKnownFileType = sourcecode.swift; path = PostModel.swift; sourceTree = "<group>"; };
		038A720425AC3A6800C564D1 /* Assets.xcassets */ = {isa = PBXFileReference; lastKnownFileType = folder.assetcatalog; path = Assets.xcassets; sourceTree = "<group>"; };
		038A720725AC510F00C564D1 /* HomeStoryCell.swift */ = {isa = PBXFileReference; lastKnownFileType = sourcecode.swift; path = HomeStoryCell.swift; sourceTree = "<group>"; };
		038A720B25AC604D00C564D1 /* BaseViewController.swift */ = {isa = PBXFileReference; lastKnownFileType = sourcecode.swift; path = BaseViewController.swift; sourceTree = "<group>"; };
		03EB628625A562E6003427CE /* SocalledInstagram.app */ = {isa = PBXFileReference; explicitFileType = wrapper.application; includeInIndex = 0; path = SocalledInstagram.app; sourceTree = BUILT_PRODUCTS_DIR; };
		03EB628925A562E6003427CE /* AppDelegate.swift */ = {isa = PBXFileReference; lastKnownFileType = sourcecode.swift; path = AppDelegate.swift; sourceTree = "<group>"; };
		03EB628B25A562E6003427CE /* SceneDelegate.swift */ = {isa = PBXFileReference; lastKnownFileType = sourcecode.swift; path = SceneDelegate.swift; sourceTree = "<group>"; };
		03EB628D25A562E6003427CE /* ViewController.swift */ = {isa = PBXFileReference; lastKnownFileType = sourcecode.swift; path = ViewController.swift; sourceTree = "<group>"; };
		03EB629025A562E6003427CE /* Base */ = {isa = PBXFileReference; lastKnownFileType = file.storyboard; name = Base; path = Base.lproj/Main.storyboard; sourceTree = "<group>"; };
		03EB629525A562E8003427CE /* Base */ = {isa = PBXFileReference; lastKnownFileType = file.storyboard; name = Base; path = Base.lproj/LaunchScreen.storyboard; sourceTree = "<group>"; };
		03EB629725A562E8003427CE /* Info.plist */ = {isa = PBXFileReference; lastKnownFileType = text.plist.xml; path = Info.plist; sourceTree = "<group>"; };
		03EB629E25A56641003427CE /* ProfileVC.swift */ = {isa = PBXFileReference; lastKnownFileType = sourcecode.swift; path = ProfileVC.swift; sourceTree = "<group>"; };
		0DC0A6ECBE8587AACEF155B8 /* Pods-SocalledInstagram.release.xcconfig */ = {isa = PBXFileReference; includeInIndex = 1; lastKnownFileType = text.xcconfig; name = "Pods-SocalledInstagram.release.xcconfig"; path = "Target Support Files/Pods-SocalledInstagram/Pods-SocalledInstagram.release.xcconfig"; sourceTree = "<group>"; };
		92C2A9796D1F5C1906780135 /* Pods_SocalledInstagram.framework */ = {isa = PBXFileReference; explicitFileType = wrapper.framework; includeInIndex = 0; path = Pods_SocalledInstagram.framework; sourceTree = BUILT_PRODUCTS_DIR; };
		DFADD5112FFD437CD0F35ED4 /* Pods-SocalledInstagram.debug.xcconfig */ = {isa = PBXFileReference; includeInIndex = 1; lastKnownFileType = text.xcconfig; name = "Pods-SocalledInstagram.debug.xcconfig"; path = "Target Support Files/Pods-SocalledInstagram/Pods-SocalledInstagram.debug.xcconfig"; sourceTree = "<group>"; };
/* End PBXFileReference section */

/* Begin PBXFrameworksBuildPhase section */
		03EB628325A562E6003427CE /* Frameworks */ = {
			isa = PBXFrameworksBuildPhase;
			buildActionMask = 2147483647;
			files = (
				A2E56B0204D03E1C7497AD18 /* Pods_SocalledInstagram.framework in Frameworks */,
			);
			runOnlyForDeploymentPostprocessing = 0;
		};
/* End PBXFrameworksBuildPhase section */

/* Begin PBXGroup section */
		0324547125A712EC006F9AB5 /* Profile */ = {
			isa = PBXGroup;
			children = (
				03EB629E25A56641003427CE /* ProfileVC.swift */,
				0324547725A714C1006F9AB5 /* ProfileView.swift */,
				0387B88125ACB7EF00FBB196 /* PhotosCell.swift */,
				0387B88525AD50DF00FBB196 /* PhotosModel.swift */,
			);
			path = Profile;
			sourceTree = "<group>";
		};
		0324547525A71343006F9AB5 /* MainTabBar */ = {
			isa = PBXGroup;
			children = (
				0324547225A7133E006F9AB5 /* MainTabBarVC.swift */,
			);
			path = MainTabBar;
			sourceTree = "<group>";
		};
		0324547A25A71D27006F9AB5 /* Utils */ = {
			isa = PBXGroup;
			children = (
				0324547B25A71D2F006F9AB5 /* Extension */,
				038A720B25AC604D00C564D1 /* BaseViewController.swift */,
			);
			path = Utils;
			sourceTree = "<group>";
		};
		0324547B25A71D2F006F9AB5 /* Extension */ = {
			isa = PBXGroup;
			children = (
				0324547C25A71D48006F9AB5 /* UIAnchor+Ext.swift */,
			);
			path = Extension;
			sourceTree = "<group>";
		};
		0387B88C25AD7F5100FBB196 /* Story */ = {
			isa = PBXGroup;
			children = (
				0387B88D25AD7F6300FBB196 /* StoryVC.swift */,
				0387B89125AD808800FBB196 /* StoryView.swift */,
				0387B89425AD828C00FBB196 /* StoryModel.swift */,
			);
			path = Story;
			sourceTree = "<group>";
		};
		0387B89B25AED75F00FBB196 /* Login */ = {
			isa = PBXGroup;
			children = (
				0387B89C25AED77100FBB196 /* LoginVC.swift */,
				0387B8A025AED78600FBB196 /* LoginView.swift */,
			);
			path = Login;
			sourceTree = "<group>";
		};
		038A71E825AA05E600C564D1 /* Friendlist */ = {
			isa = PBXGroup;
			children = (
				038A71E925AA061900C564D1 /* FriendlistVC.swift */,
				0324546E25A5CFF7006F9AB5 /* FriendsModel.swift */,
				0324546B25A5CA6D006F9AB5 /* FriendsCell.swift */,
				038A71F025AA066C00C564D1 /* FriendlistView.swift */,
			);
			path = Friendlist;
			sourceTree = "<group>";
		};
		038A71F525AAB84000C564D1 /* Homepage */ = {
			isa = PBXGroup;
			children = (
				038A71F625AAB86900C564D1 /* HomepageVC.swift */,
				038A71F925AAB87D00C564D1 /* HomepageView.swift */,
				038A720725AC510F00C564D1 /* HomeStoryCell.swift */,
				038A71FC25AAC99500C564D1 /* PostCell.swift */,
				038A71FF25AACEBD00C564D1 /* PostModel.swift */,
			);
			path = Homepage;
			sourceTree = "<group>";
		};
		03EB627D25A562E6003427CE = {
			isa = PBXGroup;
			children = (
				03EB628825A562E6003427CE /* SocalledInstagram */,
				03EB628725A562E6003427CE /* Products */,
				24E7E389F3BBE30FEC058EF6 /* Pods */,
				6B137553918C801F35AAF12A /* Frameworks */,
			);
			sourceTree = "<group>";
		};
		03EB628725A562E6003427CE /* Products */ = {
			isa = PBXGroup;
			children = (
				03EB628625A562E6003427CE /* SocalledInstagram.app */,
			);
			name = Products;
			sourceTree = "<group>";
		};
		03EB628825A562E6003427CE /* SocalledInstagram */ = {
			isa = PBXGroup;
			children = (
				0387B89B25AED75F00FBB196 /* Login */,
				0387B88C25AD7F5100FBB196 /* Story */,
				038A71F525AAB84000C564D1 /* Homepage */,
				038A71E825AA05E600C564D1 /* Friendlist */,
				0324547A25A71D27006F9AB5 /* Utils */,
				0324547525A71343006F9AB5 /* MainTabBar */,
				0324547125A712EC006F9AB5 /* Profile */,
				038A720425AC3A6800C564D1 /* Assets.xcassets */,
				03EB628925A562E6003427CE /* AppDelegate.swift */,
				03EB628B25A562E6003427CE /* SceneDelegate.swift */,
				03EB628D25A562E6003427CE /* ViewController.swift */,
				03EB628F25A562E6003427CE /* Main.storyboard */,
				03EB629425A562E8003427CE /* LaunchScreen.storyboard */,
				03EB629725A562E8003427CE /* Info.plist */,
			);
			path = SocalledInstagram;
			sourceTree = "<group>";
		};
		24E7E389F3BBE30FEC058EF6 /* Pods */ = {
			isa = PBXGroup;
			children = (
				DFADD5112FFD437CD0F35ED4 /* Pods-SocalledInstagram.debug.xcconfig */,
				0DC0A6ECBE8587AACEF155B8 /* Pods-SocalledInstagram.release.xcconfig */,
			);
			name = Pods;
			path = Pods;
			sourceTree = "<group>";
		};
		6B137553918C801F35AAF12A /* Frameworks */ = {
			isa = PBXGroup;
			children = (
				92C2A9796D1F5C1906780135 /* Pods_SocalledInstagram.framework */,
			);
			name = Frameworks;
			sourceTree = "<group>";
		};
/* End PBXGroup section */

/* Begin PBXNativeTarget section */
		03EB628525A562E6003427CE /* SocalledInstagram */ = {
			isa = PBXNativeTarget;
			buildConfigurationList = 03EB629A25A562E8003427CE /* Build configuration list for PBXNativeTarget "SocalledInstagram" */;
			buildPhases = (
				B1356554A5CC444BC3ED266A /* [CP] Check Pods Manifest.lock */,
				03EB628225A562E6003427CE /* Sources */,
				03EB628325A562E6003427CE /* Frameworks */,
				03EB628425A562E6003427CE /* Resources */,
				2864833E0284CC5098B58144 /* [CP] Embed Pods Frameworks */,
			);
			buildRules = (
			);
			dependencies = (
			);
			name = SocalledInstagram;
			productName = SocalledInstagram;
			productReference = 03EB628625A562E6003427CE /* SocalledInstagram.app */;
			productType = "com.apple.product-type.application";
		};
/* End PBXNativeTarget section */

/* Begin PBXProject section */
		03EB627E25A562E6003427CE /* Project object */ = {
			isa = PBXProject;
			attributes = {
				LastSwiftUpdateCheck = 1220;
				LastUpgradeCheck = 1220;
				TargetAttributes = {
					03EB628525A562E6003427CE = {
						CreatedOnToolsVersion = 12.2;
					};
				};
			};
			buildConfigurationList = 03EB628125A562E6003427CE /* Build configuration list for PBXProject "SocalledInstagram" */;
			compatibilityVersion = "Xcode 9.3";
			developmentRegion = en;
			hasScannedForEncodings = 0;
			knownRegions = (
				en,
				Base,
			);
			mainGroup = 03EB627D25A562E6003427CE;
			productRefGroup = 03EB628725A562E6003427CE /* Products */;
			projectDirPath = "";
			projectRoot = "";
			targets = (
				03EB628525A562E6003427CE /* SocalledInstagram */,
			);
		};
/* End PBXProject section */

/* Begin PBXResourcesBuildPhase section */
		03EB628425A562E6003427CE /* Resources */ = {
			isa = PBXResourcesBuildPhase;
			buildActionMask = 2147483647;
			files = (
				03EB629625A562E8003427CE /* LaunchScreen.storyboard in Resources */,
				038A720525AC3A6800C564D1 /* Assets.xcassets in Resources */,
				03EB629125A562E6003427CE /* Main.storyboard in Resources */,
			);
			runOnlyForDeploymentPostprocessing = 0;
		};
/* End PBXResourcesBuildPhase section */

/* Begin PBXShellScriptBuildPhase section */
		2864833E0284CC5098B58144 /* [CP] Embed Pods Frameworks */ = {
			isa = PBXShellScriptBuildPhase;
			buildActionMask = 2147483647;
			files = (
			);
			inputFileListPaths = (
				"${PODS_ROOT}/Target Support Files/Pods-SocalledInstagram/Pods-SocalledInstagram-frameworks-${CONFIGURATION}-input-files.xcfilelist",
			);
			name = "[CP] Embed Pods Frameworks";
			outputFileListPaths = (
				"${PODS_ROOT}/Target Support Files/Pods-SocalledInstagram/Pods-SocalledInstagram-frameworks-${CONFIGURATION}-output-files.xcfilelist",
			);
			runOnlyForDeploymentPostprocessing = 0;
			shellPath = /bin/sh;
			shellScript = "\"${PODS_ROOT}/Target Support Files/Pods-SocalledInstagram/Pods-SocalledInstagram-frameworks.sh\"\n";
			showEnvVarsInLog = 0;
		};
		B1356554A5CC444BC3ED266A /* [CP] Check Pods Manifest.lock */ = {
			isa = PBXShellScriptBuildPhase;
			buildActionMask = 2147483647;
			files = (
			);
			inputFileListPaths = (
			);
			inputPaths = (
				"${PODS_PODFILE_DIR_PATH}/Podfile.lock",
				"${PODS_ROOT}/Manifest.lock",
			);
			name = "[CP] Check Pods Manifest.lock";
			outputFileListPaths = (
			);
			outputPaths = (
				"$(DERIVED_FILE_DIR)/Pods-SocalledInstagram-checkManifestLockResult.txt",
			);
			runOnlyForDeploymentPostprocessing = 0;
			shellPath = /bin/sh;
			shellScript = "diff \"${PODS_PODFILE_DIR_PATH}/Podfile.lock\" \"${PODS_ROOT}/Manifest.lock\" > /dev/null\nif [ $? != 0 ] ; then\n    # print error to STDERR\n    echo \"error: The sandbox is not in sync with the Podfile.lock. Run 'pod install' or update your CocoaPods installation.\" >&2\n    exit 1\nfi\n# This output is used by Xcode 'outputs' to avoid re-running this script phase.\necho \"SUCCESS\" > \"${SCRIPT_OUTPUT_FILE_0}\"\n";
			showEnvVarsInLog = 0;
		};
/* End PBXShellScriptBuildPhase section */

/* Begin PBXSourcesBuildPhase section */
		03EB628225A562E6003427CE /* Sources */ = {
			isa = PBXSourcesBuildPhase;
			buildActionMask = 2147483647;
			files = (
				0324547825A714C1006F9AB5 /* ProfileView.swift in Sources */,
				038A720025AACEBD00C564D1 /* PostModel.swift in Sources */,
				038A71FD25AAC99500C564D1 /* PostCell.swift in Sources */,
				0387B89225AD808800FBB196 /* StoryView.swift in Sources */,
				0324547D25A71D48006F9AB5 /* UIAnchor+Ext.swift in Sources */,
				038A71F125AA066C00C564D1 /* FriendlistView.swift in Sources */,
				0387B8A125AED78600FBB196 /* LoginView.swift in Sources */,
				038A71FA25AAB87D00C564D1 /* HomepageView.swift in Sources */,
				03EB629F25A56641003427CE /* ProfileVC.swift in Sources */,
				038A720C25AC604D00C564D1 /* BaseViewController.swift in Sources */,
				0387B89525AD828C00FBB196 /* StoryModel.swift in Sources */,
				0387B88225ACB7EF00FBB196 /* PhotosCell.swift in Sources */,
				0324546C25A5CA6D006F9AB5 /* FriendsCell.swift in Sources */,
				03EB628E25A562E6003427CE /* ViewController.swift in Sources */,
				0324546F25A5CFF7006F9AB5 /* FriendsModel.swift in Sources */,
				0324547325A7133E006F9AB5 /* MainTabBarVC.swift in Sources */,
				038A720825AC510F00C564D1 /* HomeStoryCell.swift in Sources */,
				03EB628A25A562E6003427CE /* AppDelegate.swift in Sources */,
				038A71EA25AA061900C564D1 /* FriendlistVC.swift in Sources */,
				038A71F725AAB86900C564D1 /* HomepageVC.swift in Sources */,
				0387B88625AD50DF00FBB196 /* PhotosModel.swift in Sources */,
				0387B88E25AD7F6300FBB196 /* StoryVC.swift in Sources */,
				03EB628C25A562E6003427CE /* SceneDelegate.swift in Sources */,
				0387B89D25AED77100FBB196 /* LoginVC.swift in Sources */,
			);
			runOnlyForDeploymentPostprocessing = 0;
		};
/* End PBXSourcesBuildPhase section */

/* Begin PBXVariantGroup section */
		03EB628F25A562E6003427CE /* Main.storyboard */ = {
			isa = PBXVariantGroup;
			children = (
				03EB629025A562E6003427CE /* Base */,
			);
			name = Main.storyboard;
			sourceTree = "<group>";
		};
		03EB629425A562E8003427CE /* LaunchScreen.storyboard */ = {
			isa = PBXVariantGroup;
			children = (
				03EB629525A562E8003427CE /* Base */,
			);
			name = LaunchScreen.storyboard;
			sourceTree = "<group>";
		};
/* End PBXVariantGroup section */

/* Begin XCBuildConfiguration section */
		03EB629825A562E8003427CE /* Debug */ = {
			isa = XCBuildConfiguration;
			buildSettings = {
				ALWAYS_SEARCH_USER_PATHS = NO;
				CLANG_ANALYZER_NONNULL = YES;
				CLANG_ANALYZER_NUMBER_OBJECT_CONVERSION = YES_AGGRESSIVE;
				CLANG_CXX_LANGUAGE_STANDARD = "gnu++14";
				CLANG_CXX_LIBRARY = "libc++";
				CLANG_ENABLE_MODULES = YES;
				CLANG_ENABLE_OBJC_ARC = YES;
				CLANG_ENABLE_OBJC_WEAK = YES;
				CLANG_WARN_BLOCK_CAPTURE_AUTORELEASING = YES;
				CLANG_WARN_BOOL_CONVERSION = YES;
				CLANG_WARN_COMMA = YES;
				CLANG_WARN_CONSTANT_CONVERSION = YES;
				CLANG_WARN_DEPRECATED_OBJC_IMPLEMENTATIONS = YES;
				CLANG_WARN_DIRECT_OBJC_ISA_USAGE = YES_ERROR;
				CLANG_WARN_DOCUMENTATION_COMMENTS = YES;
				CLANG_WARN_EMPTY_BODY = YES;
				CLANG_WARN_ENUM_CONVERSION = YES;
				CLANG_WARN_INFINITE_RECURSION = YES;
				CLANG_WARN_INT_CONVERSION = YES;
				CLANG_WARN_NON_LITERAL_NULL_CONVERSION = YES;
				CLANG_WARN_OBJC_IMPLICIT_RETAIN_SELF = YES;
				CLANG_WARN_OBJC_LITERAL_CONVERSION = YES;
				CLANG_WARN_OBJC_ROOT_CLASS = YES_ERROR;
				CLANG_WARN_QUOTED_INCLUDE_IN_FRAMEWORK_HEADER = YES;
				CLANG_WARN_RANGE_LOOP_ANALYSIS = YES;
				CLANG_WARN_STRICT_PROTOTYPES = YES;
				CLANG_WARN_SUSPICIOUS_MOVE = YES;
				CLANG_WARN_UNGUARDED_AVAILABILITY = YES_AGGRESSIVE;
				CLANG_WARN_UNREACHABLE_CODE = YES;
				CLANG_WARN__DUPLICATE_METHOD_MATCH = YES;
				COPY_PHASE_STRIP = NO;
				DEBUG_INFORMATION_FORMAT = dwarf;
				ENABLE_STRICT_OBJC_MSGSEND = YES;
				ENABLE_TESTABILITY = YES;
				GCC_C_LANGUAGE_STANDARD = gnu11;
				GCC_DYNAMIC_NO_PIC = NO;
				GCC_NO_COMMON_BLOCKS = YES;
				GCC_OPTIMIZATION_LEVEL = 0;
				GCC_PREPROCESSOR_DEFINITIONS = (
					"DEBUG=1",
					"$(inherited)",
				);
				GCC_WARN_64_TO_32_BIT_CONVERSION = YES;
				GCC_WARN_ABOUT_RETURN_TYPE = YES_ERROR;
				GCC_WARN_UNDECLARED_SELECTOR = YES;
				GCC_WARN_UNINITIALIZED_AUTOS = YES_AGGRESSIVE;
				GCC_WARN_UNUSED_FUNCTION = YES;
				GCC_WARN_UNUSED_VARIABLE = YES;
				IPHONEOS_DEPLOYMENT_TARGET = 14.2;
				MTL_ENABLE_DEBUG_INFO = INCLUDE_SOURCE;
				MTL_FAST_MATH = YES;
				ONLY_ACTIVE_ARCH = YES;
				SDKROOT = iphoneos;
				SWIFT_ACTIVE_COMPILATION_CONDITIONS = DEBUG;
				SWIFT_OPTIMIZATION_LEVEL = "-Onone";
			};
			name = Debug;
		};
		03EB629925A562E8003427CE /* Release */ = {
			isa = XCBuildConfiguration;
			buildSettings = {
				ALWAYS_SEARCH_USER_PATHS = NO;
				CLANG_ANALYZER_NONNULL = YES;
				CLANG_ANALYZER_NUMBER_OBJECT_CONVERSION = YES_AGGRESSIVE;
				CLANG_CXX_LANGUAGE_STANDARD = "gnu++14";
				CLANG_CXX_LIBRARY = "libc++";
				CLANG_ENABLE_MODULES = YES;
				CLANG_ENABLE_OBJC_ARC = YES;
				CLANG_ENABLE_OBJC_WEAK = YES;
				CLANG_WARN_BLOCK_CAPTURE_AUTORELEASING = YES;
				CLANG_WARN_BOOL_CONVERSION = YES;
				CLANG_WARN_COMMA = YES;
				CLANG_WARN_CONSTANT_CONVERSION = YES;
				CLANG_WARN_DEPRECATED_OBJC_IMPLEMENTATIONS = YES;
				CLANG_WARN_DIRECT_OBJC_ISA_USAGE = YES_ERROR;
				CLANG_WARN_DOCUMENTATION_COMMENTS = YES;
				CLANG_WARN_EMPTY_BODY = YES;
				CLANG_WARN_ENUM_CONVERSION = YES;
				CLANG_WARN_INFINITE_RECURSION = YES;
				CLANG_WARN_INT_CONVERSION = YES;
				CLANG_WARN_NON_LITERAL_NULL_CONVERSION = YES;
				CLANG_WARN_OBJC_IMPLICIT_RETAIN_SELF = YES;
				CLANG_WARN_OBJC_LITERAL_CONVERSION = YES;
				CLANG_WARN_OBJC_ROOT_CLASS = YES_ERROR;
				CLANG_WARN_QUOTED_INCLUDE_IN_FRAMEWORK_HEADER = YES;
				CLANG_WARN_RANGE_LOOP_ANALYSIS = YES;
				CLANG_WARN_STRICT_PROTOTYPES = YES;
				CLANG_WARN_SUSPICIOUS_MOVE = YES;
				CLANG_WARN_UNGUARDED_AVAILABILITY = YES_AGGRESSIVE;
				CLANG_WARN_UNREACHABLE_CODE = YES;
				CLANG_WARN__DUPLICATE_METHOD_MATCH = YES;
				COPY_PHASE_STRIP = NO;
				DEBUG_INFORMATION_FORMAT = "dwarf-with-dsym";
				ENABLE_NS_ASSERTIONS = NO;
				ENABLE_STRICT_OBJC_MSGSEND = YES;
				GCC_C_LANGUAGE_STANDARD = gnu11;
				GCC_NO_COMMON_BLOCKS = YES;
				GCC_WARN_64_TO_32_BIT_CONVERSION = YES;
				GCC_WARN_ABOUT_RETURN_TYPE = YES_ERROR;
				GCC_WARN_UNDECLARED_SELECTOR = YES;
				GCC_WARN_UNINITIALIZED_AUTOS = YES_AGGRESSIVE;
				GCC_WARN_UNUSED_FUNCTION = YES;
				GCC_WARN_UNUSED_VARIABLE = YES;
				IPHONEOS_DEPLOYMENT_TARGET = 14.2;
				MTL_ENABLE_DEBUG_INFO = NO;
				MTL_FAST_MATH = YES;
				SDKROOT = iphoneos;
				SWIFT_COMPILATION_MODE = wholemodule;
				SWIFT_OPTIMIZATION_LEVEL = "-O";
				VALIDATE_PRODUCT = YES;
			};
			name = Release;
		};
		03EB629B25A562E8003427CE /* Debug */ = {
			isa = XCBuildConfiguration;
			baseConfigurationReference = DFADD5112FFD437CD0F35ED4 /* Pods-SocalledInstagram.debug.xcconfig */;
			buildSettings = {
				ASSETCATALOG_COMPILER_APPICON_NAME = AppIcon;
				ASSETCATALOG_COMPILER_GLOBAL_ACCENT_COLOR_NAME = AccentColor;
				CODE_SIGN_STYLE = Automatic;
				DEVELOPMENT_TEAM = PV9SRDAQY6;
				INFOPLIST_FILE = SocalledInstagram/Info.plist;
				IPHONEOS_DEPLOYMENT_TARGET = 14.0;
				LD_RUNPATH_SEARCH_PATHS = (
					"$(inherited)",
					"@executable_path/Frameworks",
				);
				PRODUCT_BUNDLE_IDENTIFIER = com.shreeya.socalledinsta.SocalledInstagram;
				PRODUCT_NAME = "$(TARGET_NAME)";
				SWIFT_VERSION = 5.0;
				TARGETED_DEVICE_FAMILY = "1,2";
			};
			name = Debug;
		};
		03EB629C25A562E8003427CE /* Release */ = {
			isa = XCBuildConfiguration;
			baseConfigurationReference = 0DC0A6ECBE8587AACEF155B8 /* Pods-SocalledInstagram.release.xcconfig */;
			buildSettings = {
				ASSETCATALOG_COMPILER_APPICON_NAME = AppIcon;
				ASSETCATALOG_COMPILER_GLOBAL_ACCENT_COLOR_NAME = AccentColor;
				CODE_SIGN_STYLE = Automatic;
				DEVELOPMENT_TEAM = PV9SRDAQY6;
				INFOPLIST_FILE = SocalledInstagram/Info.plist;
				IPHONEOS_DEPLOYMENT_TARGET = 14.0;
				LD_RUNPATH_SEARCH_PATHS = (
					"$(inherited)",
					"@executable_path/Frameworks",
				);
				PRODUCT_BUNDLE_IDENTIFIER = com.shreeya.socalledinsta.SocalledInstagram;
				PRODUCT_NAME = "$(TARGET_NAME)";
				SWIFT_VERSION = 5.0;
				TARGETED_DEVICE_FAMILY = "1,2";
			};
			name = Release;
		};
/* End XCBuildConfiguration section */

/* Begin XCConfigurationList section */
		03EB628125A562E6003427CE /* Build configuration list for PBXProject "SocalledInstagram" */ = {
			isa = XCConfigurationList;
			buildConfigurations = (
				03EB629825A562E8003427CE /* Debug */,
				03EB629925A562E8003427CE /* Release */,
			);
			defaultConfigurationIsVisible = 0;
			defaultConfigurationName = Release;
		};
		03EB629A25A562E8003427CE /* Build configuration list for PBXNativeTarget "SocalledInstagram" */ = {
			isa = XCConfigurationList;
			buildConfigurations = (
				03EB629B25A562E8003427CE /* Debug */,
				03EB629C25A562E8003427CE /* Release */,
			);
			defaultConfigurationIsVisible = 0;
			defaultConfigurationName = Release;
		};
/* End XCConfigurationList section */
	};
	rootObject = 03EB627E25A562E6003427CE /* Project object */;
}
